
Microsoft Visual Studio Solution File, Format Version 12.00
# Visual Studio 15
VisualStudioVersion = 15.0.28307.902
MinimumVisualStudioVersion = 10.0.40219.1
Project("{FAE04EC0-301F-11D3-BF4B-00C04F79EFBC}") = "ExampleNetCoreAPI", "ExampleNetCoreAPI\ExampleNetCoreAPI.csproj", "{D3A9A53C-9C3C-4A12-AE16-2089CED7D9FC}"
EndProject
Global
	GlobalSection(SolutionConfigurationPlatforms) = preSolution
		Debug|Any CPU = Debug|Any CPU
		Release|Any CPU = Release|Any CPU
	EndGlobalSection
	GlobalSection(ProjectConfigurationPlatforms) = postSolution
		{D3A9A53C-9C3C-4A12-AE16-2089CED7D9FC}.Debug|Any CPU.ActiveCfg = Debug|Any CPU
		{D3A9A53C-9C3C-4A12-AE16-2089CED7D9FC}.Debug|Any CPU.Build.0 = Debug|Any CPU
		{D3A9A53C-9C3C-4A12-AE16-2089CED7D9FC}.Release|Any CPU.ActiveCfg = Release|Any CPU
		{D3A9A53C-9C3C-4A12-AE16-2089CED7D9FC}.Release|Any CPU.Build.0 = Release|Any CPU
	EndGlobalSection
	GlobalSection(SolutionProperties) = preSolution
		HideSolutionNode = FALSE
	EndGlobalSection
	GlobalSection(ExtensibilityGlobals) = postSolution
		SolutionGuid = {2CC5766C-8A29-4426-8F5D-744CF32617A4}
	EndGlobalSection
EndGlobal
